
Microsoft Visual Studio Solution File, Format Version 12.00
# Visual Studio Express 2013 for Windows Desktop
VisualStudioVersion = 12.0.30110.0
MinimumVisualStudioVersion = 10.0.40219.1
Project("{FAE04EC0-301F-11D3-BF4B-00C04F79EFBC}") = "MetroidPassword", "MetroidPassword.csproj", "{A0D0415C-576F-41E6-A751-4ED49853A7A7}"
EndProject
Project("{FAE04EC0-301F-11D3-BF4B-00C04F79EFBC}") = "MetroidPassword.Tests", "MetroidPassword.Tests\MetroidPassword.Tests.csproj", "{D7B9C9C0-B458-4C19-989A-7916214A3A69}"
EndProject
Global
	GlobalSection(SolutionConfigurationPlatforms) = preSolution
		Debug|Any CPU = Debug|Any CPU
		Release|Any CPU = Release|Any CPU
	EndGlobalSection
	GlobalSection(ProjectConfigurationPlatforms) = postSolution
		{A0D0415C-576F-41E6-A751-4ED49853A7A7}.Debug|Any CPU.ActiveCfg = Debug|Any CPU
		{A0D0415C-576F-41E6-A751-4ED49853A7A7}.Debug|Any CPU.Build.0 = Debug|Any CPU
		{A0D0415C-576F-41E6-A751-4ED49853A7A7}.Release|Any CPU.ActiveCfg = Release|Any CPU
		{A0D0415C-576F-41E6-A751-4ED49853A7A7}.Release|Any CPU.Build.0 = Release|Any CPU
		{D7B9C9C0-B458-4C19-989A-7916214A3A69}.Debug|Any CPU.ActiveCfg = Debug|Any CPU
		{D7B9C9C0-B458-4C19-989A-7916214A3A69}.Debug|Any CPU.Build.0 = Debug|Any CPU
		{D7B9C9C0-B458-4C19-989A-7916214A3A69}.Release|Any CPU.ActiveCfg = Release|Any CPU
		{D7B9C9C0-B458-4C19-989A-7916214A3A69}.Release|Any CPU.Build.0 = Release|Any CPU
	EndGlobalSection
	GlobalSection(SolutionProperties) = preSolution
		HideSolutionNode = FALSE
	EndGlobalSection
EndGlobal
